
Microsoft Visual Studio Solution File, Format Version 12.00
# Visual Studio Version 17
VisualStudioVersion = 17.0.31903.59
MinimumVisualStudioVersion = 10.0.40219.1
Project("{2150E333-8FDC-42A3-9474-1A3956D46DE8}") = "src", "src", "{827E0CD3-B72D-47B6-A68D-7590B98EB39B}"
EndProject
Project("{FAE04EC0-301F-11D3-BF4B-00C04F79EFBC}") = "ConvoContentBuddy.AppHost", "src\ConvoContentBuddy.AppHost\ConvoContentBuddy.AppHost.csproj", "{0030C3DB-3928-4221-8C47-47F682630AD0}"
EndProject
Project("{FAE04EC0-301F-11D3-BF4B-00C04F79EFBC}") = "ConvoContentBuddy.ServiceDefaults", "src\ConvoContentBuddy.ServiceDefaults\ConvoContentBuddy.ServiceDefaults.csproj", "{29D1D021-312E-4BE6-8CDF-B6954190D04E}"
EndProject
Project("{FAE04EC0-301F-11D3-BF4B-00C04F79EFBC}") = "ConvoContentBuddy.API.Brain", "src\ConvoContentBuddy.API.Brain\ConvoContentBuddy.API.Brain.csproj", "{6BF3B155-89E2-468E-A547-3FD29EF87076}"
EndProject
Project("{FAE04EC0-301F-11D3-BF4B-00C04F79EFBC}") = "ConvoContentBuddy.UI.Web", "src\ConvoContentBuddy.UI.Web\ConvoContentBuddy.UI.Web.csproj", "{76A77031-9015-4969-BE94-6184C3C03619}"
EndProject
Project("{FAE04EC0-301F-11D3-BF4B-00C04F79EFBC}") = "ConvoContentBuddy.Data.Seeder", "src\ConvoContentBuddy.Data.Seeder\ConvoContentBuddy.Data.Seeder.csproj", "{DD7E2A9E-069F-471D-BA8C-F43BC0C1686E}"
EndProject
Project("{2150E333-8FDC-42A3-9474-1A3956D46DE8}") = "tests", "tests", "{0AB3BF05-4346-4AA6-1389-037BE0695223}"
EndProject
Project("{FAE04EC0-301F-11D3-BF4B-00C04F79EFBC}") = "ConvoContentBuddy.API.Brain.Tests", "tests\ConvoContentBuddy.API.Brain.Tests\ConvoContentBuddy.API.Brain.Tests.csproj", "{3B9B4D97-318D-4A89-B926-E36AF3CC8290}"
EndProject
Project("{FAE04EC0-301F-11D3-BF4B-00C04F79EFBC}") = "ConvoContentBuddy.UI.Web.Tests", "tests\ConvoContentBuddy.UI.Web.Tests\ConvoContentBuddy.UI.Web.Tests.csproj", "{876541C6-406E-47D4-B6C8-9BB2CB0F3B50}"
EndProject
Global
	GlobalSection(SolutionConfigurationPlatforms) = preSolution
		Debug|Any CPU = Debug|Any CPU
		Debug|x64 = Debug|x64
		Debug|x86 = Debug|x86
		Release|Any CPU = Release|Any CPU
		Release|x64 = Release|x64
		Release|x86 = Release|x86
	EndGlobalSection
	GlobalSection(ProjectConfigurationPlatforms) = postSolution
		{0030C3DB-3928-4221-8C47-47F682630AD0}.Debug|Any CPU.ActiveCfg = Debug|Any CPU
		{0030C3DB-3928-4221-8C47-47F682630AD0}.Debug|Any CPU.Build.0 = Debug|Any CPU
		{0030C3DB-3928-4221-8C47-47F682630AD0}.Debug|x64.ActiveCfg = Debug|Any CPU
		{0030C3DB-3928-4221-8C47-47F682630AD0}.Debug|x64.Build.0 = Debug|Any CPU
		{0030C3DB-3928-4221-8C47-47F682630AD0}.Debug|x86.ActiveCfg = Debug|Any CPU
		{0030C3DB-3928-4221-8C47-47F682630AD0}.Debug|x86.Build.0 = Debug|Any CPU
		{0030C3DB-3928-4221-8C47-47F682630AD0}.Release|Any CPU.ActiveCfg = Release|Any CPU
		{0030C3DB-3928-4221-8C47-47F682630AD0}.Release|Any CPU.Build.0 = Release|Any CPU
		{0030C3DB-3928-4221-8C47-47F682630AD0}.Release|x64.ActiveCfg = Release|Any CPU
		{0030C3DB-3928-4221-8C47-47F682630AD0}.Release|x64.Build.0 = Release|Any CPU
		{0030C3DB-3928-4221-8C47-47F682630AD0}.Release|x86.ActiveCfg = Release|Any CPU
		{0030C3DB-3928-4221-8C47-47F682630AD0}.Release|x86.Build.0 = Release|Any CPU
		{29D1D021-312E-4BE6-8CDF-B6954190D04E}.Debug|Any CPU.ActiveCfg = Debug|Any CPU
		{29D1D021-312E-4BE6-8CDF-B6954190D04E}.Debug|Any CPU.Build.0 = Debug|Any CPU
		{29D1D021-312E-4BE6-8CDF-B6954190D04E}.Debug|x64.ActiveCfg = Debug|Any CPU
		{29D1D021-312E-4BE6-8CDF-B6954190D04E}.Debug|x64.Build.0 = Debug|Any CPU
		{29D1D021-312E-4BE6-8CDF-B6954190D04E}.Debug|x86.ActiveCfg = Debug|Any CPU
		{29D1D021-312E-4BE6-8CDF-B6954190D04E}.Debug|x86.Build.0 = Debug|Any CPU
		{29D1D021-312E-4BE6-8CDF-B6954190D04E}.Release|Any CPU.ActiveCfg = Release|Any CPU
		{29D1D021-312E-4BE6-8CDF-B6954190D04E}.Release|Any CPU.Build.0 = Release|Any CPU
		{29D1D021-312E-4BE6-8CDF-B6954190D04E}.Release|x64.ActiveCfg = Release|Any CPU
		{29D1D021-312E-4BE6-8CDF-B6954190D04E}.Release|x64.Build.0 = Release|Any CPU
		{29D1D021-312E-4BE6-8CDF-B6954190D04E}.Release|x86.ActiveCfg = Release|Any CPU
		{29D1D021-312E-4BE6-8CDF-B6954190D04E}.Release|x86.Build.0 = Release|Any CPU
		{6BF3B155-89E2-468E-A547-3FD29EF87076}.Debug|Any CPU.ActiveCfg = Debug|Any CPU
		{6BF3B155-89E2-468E-A547-3FD29EF87076}.Debug|Any CPU.Build.0 = Debug|Any CPU
		{6BF3B155-89E2-468E-A547-3FD29EF87076}.Debug|x64.ActiveCfg = Debug|Any CPU
		{6BF3B155-89E2-468E-A547-3FD29EF87076}.Debug|x64.Build.0 = Debug|Any CPU
		{6BF3B155-89E2-468E-A547-3FD29EF87076}.Debug|x86.ActiveCfg = Debug|Any CPU
		{6BF3B155-89E2-468E-A547-3FD29EF87076}.Debug|x86.Build.0 = Debug|Any CPU
		{6BF3B155-89E2-468E-A547-3FD29EF87076}.Release|Any CPU.ActiveCfg = Release|Any CPU
		{6BF3B155-89E2-468E-A547-3FD29EF87076}.Release|Any CPU.Build.0 = Release|Any CPU
		{6BF3B155-89E2-468E-A547-3FD29EF87076}.Release|x64.ActiveCfg = Release|Any CPU
		{6BF3B155-89E2-468E-A547-3FD29EF87076}.Release|x64.Build.0 = Release|Any CPU
		{6BF3B155-89E2-468E-A547-3FD29EF87076}.Release|x86.ActiveCfg = Release|Any CPU
		{6BF3B155-89E2-468E-A547-3FD29EF87076}.Release|x86.Build.0 = Release|Any CPU
		{76A77031-9015-4969-BE94-6184C3C03619}.Debug|Any CPU.ActiveCfg = Debug|Any CPU
		{76A77031-9015-4969-BE94-6184C3C03619}.Debug|Any CPU.Build.0 = Debug|Any CPU
		{76A77031-9015-4969-BE94-6184C3C03619}.Debug|x64.ActiveCfg = Debug|Any CPU
		{76A77031-9015-4969-BE94-6184C3C03619}.Debug|x64.Build.0 = Debug|Any CPU
		{76A77031-9015-4969-BE94-6184C3C03619}.Debug|x86.ActiveCfg = Debug|Any CPU
		{76A77031-9015-4969-BE94-6184C3C03619}.Debug|x86.Build.0 = Debug|Any CPU
		{76A77031-9015-4969-BE94-6184C3C03619}.Release|Any CPU.ActiveCfg = Release|Any CPU
		{76A77031-9015-4969-BE94-6184C3C03619}.Release|Any CPU.Build.0 = Release|Any CPU
		{76A77031-9015-4969-BE94-6184C3C03619}.Release|x64.ActiveCfg = Release|Any CPU
		{76A77031-9015-4969-BE94-6184C3C03619}.Release|x64.Build.0 = Release|Any CPU
		{76A77031-9015-4969-BE94-6184C3C03619}.Release|x86.ActiveCfg = Release|Any CPU
		{76A77031-9015-4969-BE94-6184C3C03619}.Release|x86.Build.0 = Release|Any CPU
		{DD7E2A9E-069F-471D-BA8C-F43BC0C1686E}.Debug|Any CPU.ActiveCfg = Debug|Any CPU
		{DD7E2A9E-069F-471D-BA8C-F43BC0C1686E}.Debug|Any CPU.Build.0 = Debug|Any CPU
		{DD7E2A9E-069F-471D-BA8C-F43BC0C1686E}.Debug|x64.ActiveCfg = Debug|Any CPU
		{DD7E2A9E-069F-471D-BA8C-F43BC0C1686E}.Debug|x64.Build.0 = Debug|Any CPU
		{DD7E2A9E-069F-471D-BA8C-F43BC0C1686E}.Debug|x86.ActiveCfg = Debug|Any CPU
		{DD7E2A9E-069F-471D-BA8C-F43BC0C1686E}.Debug|x86.Build.0 = Debug|Any CPU
		{DD7E2A9E-069F-471D-BA8C-F43BC0C1686E}.Release|Any CPU.ActiveCfg = Release|Any CPU
		{DD7E2A9E-069F-471D-BA8C-F43BC0C1686E}.Release|Any CPU.Build.0 = Release|Any CPU
		{DD7E2A9E-069F-471D-BA8C-F43BC0C1686E}.Release|x64.ActiveCfg = Release|Any CPU
		{DD7E2A9E-069F-471D-BA8C-F43BC0C1686E}.Release|x64.Build.0 = Release|Any CPU
		{DD7E2A9E-069F-471D-BA8C-F43BC0C1686E}.Release|x86.ActiveCfg = Release|Any CPU
		{DD7E2A9E-069F-471D-BA8C-F43BC0C1686E}.Release|x86.Build.0 = Release|Any CPU
		{3B9B4D97-318D-4A89-B926-E36AF3CC8290}.Debug|Any CPU.ActiveCfg = Debug|Any CPU
		{3B9B4D97-318D-4A89-B926-E36AF3CC8290}.Debug|Any CPU.Build.0 = Debug|Any CPU
		{3B9B4D97-318D-4A89-B926-E36AF3CC8290}.Debug|x64.ActiveCfg = Debug|Any CPU
		{3B9B4D97-318D-4A89-B926-E36AF3CC8290}.Debug|x64.Build.0 = Debug|Any CPU
		{3B9B4D97-318D-4A89-B926-E36AF3CC8290}.Debug|x86.ActiveCfg = Debug|Any CPU
		{3B9B4D97-318D-4A89-B926-E36AF3CC8290}.Debug|x86.Build.0 = Debug|Any CPU
		{3B9B4D97-318D-4A89-B926-E36AF3CC8290}.Release|Any CPU.ActiveCfg = Release|Any CPU
		{3B9B4D97-318D-4A89-B926-E36AF3CC8290}.Release|Any CPU.Build.0 = Release|Any CPU
		{3B9B4D97-318D-4A89-B926-E36AF3CC8290}.Release|x64.ActiveCfg = Release|Any CPU
		{3B9B4D97-318D-4A89-B926-E36AF3CC8290}.Release|x64.Build.0 = Release|Any CPU
		{3B9B4D97-318D-4A89-B926-E36AF3CC8290}.Release|x86.ActiveCfg = Release|Any CPU
		{3B9B4D97-318D-4A89-B926-E36AF3CC8290}.Release|x86.Build.0 = Release|Any CPU
		{876541C6-406E-47D4-B6C8-9BB2CB0F3B50}.Debug|Any CPU.ActiveCfg = Debug|Any CPU
		{876541C6-406E-47D4-B6C8-9BB2CB0F3B50}.Debug|Any CPU.Build.0 = Debug|Any CPU
		{876541C6-406E-47D4-B6C8-9BB2CB0F3B50}.Debug|x64.ActiveCfg = Debug|Any CPU
		{876541C6-406E-47D4-B6C8-9BB2CB0F3B50}.Debug|x64.Build.0 = Debug|Any CPU
		{876541C6-406E-47D4-B6C8-9BB2CB0F3B50}.Debug|x86.ActiveCfg = Debug|Any CPU
		{876541C6-406E-47D4-B6C8-9BB2CB0F3B50}.Debug|x86.Build.0 = Debug|Any CPU
		{876541C6-406E-47D4-B6C8-9BB2CB0F3B50}.Release|Any CPU.ActiveCfg = Release|Any CPU
		{876541C6-406E-47D4-B6C8-9BB2CB0F3B50}.Release|Any CPU.Build.0 = Release|Any CPU
		{876541C6-406E-47D4-B6C8-9BB2CB0F3B50}.Release|x64.ActiveCfg = Release|Any CPU
		{876541C6-406E-47D4-B6C8-9BB2CB0F3B50}.Release|x64.Build.0 = Release|Any CPU
		{876541C6-406E-47D4-B6C8-9BB2CB0F3B50}.Release|x86.ActiveCfg = Release|Any CPU
		{876541C6-406E-47D4-B6C8-9BB2CB0F3B50}.Release|x86.Build.0 = Release|Any CPU
	EndGlobalSection
	GlobalSection(SolutionProperties) = preSolution
		HideSolutionNode = FALSE
	EndGlobalSection
	GlobalSection(NestedProjects) = preSolution
		{0030C3DB-3928-4221-8C47-47F682630AD0} = {827E0CD3-B72D-47B6-A68D-7590B98EB39B}
		{29D1D021-312E-4BE6-8CDF-B6954190D04E} = {827E0CD3-B72D-47B6-A68D-7590B98EB39B}
		{6BF3B155-89E2-468E-A547-3FD29EF87076} = {827E0CD3-B72D-47B6-A68D-7590B98EB39B}
		{76A77031-9015-4969-BE94-6184C3C03619} = {827E0CD3-B72D-47B6-A68D-7590B98EB39B}
		{DD7E2A9E-069F-471D-BA8C-F43BC0C1686E} = {827E0CD3-B72D-47B6-A68D-7590B98EB39B}
		{3B9B4D97-318D-4A89-B926-E36AF3CC8290} = {0AB3BF05-4346-4AA6-1389-037BE0695223}
		{876541C6-406E-47D4-B6C8-9BB2CB0F3B50} = {0AB3BF05-4346-4AA6-1389-037BE0695223}
	EndGlobalSection
EndGlobal
